
Microsoft Visual Studio Solution File, Format Version 12.00
# Visual Studio Version 17
VisualStudioVersion = 17.10.34928.147
MinimumVisualStudioVersion = 10.0.40219.1
Project("{FAE04EC0-301F-11D3-BF4B-00C04F79EFBC}") = "DocumentsProject.Web", "DocumentsProject\DocumentsProject.Web.csproj", "{BAD53D75-E006-4FC8-AAE3-0966EF47DD96}"
EndProject
Project("{FAE04EC0-301F-11D3-BF4B-00C04F79EFBC}") = "DocumentsProject.Core", "DocumentsProject.Core\DocumentsProject.Core.csproj", "{8092C68D-ED6D-4509-8F7C-0A17DB2EAB27}"
EndProject
Global
	GlobalSection(SolutionConfigurationPlatforms) = preSolution
		Debug|Any CPU = Debug|Any CPU
		Release|Any CPU = Release|Any CPU
	EndGlobalSection
	GlobalSection(ProjectConfigurationPlatforms) = postSolution
		{BAD53D75-E006-4FC8-AAE3-0966EF47DD96}.Debug|Any CPU.ActiveCfg = Debug|Any CPU
		{BAD53D75-E006-4FC8-AAE3-0966EF47DD96}.Debug|Any CPU.Build.0 = Debug|Any CPU
		{BAD53D75-E006-4FC8-AAE3-0966EF47DD96}.Release|Any CPU.ActiveCfg = Release|Any CPU
		{BAD53D75-E006-4FC8-AAE3-0966EF47DD96}.Release|Any CPU.Build.0 = Release|Any CPU
		{8092C68D-ED6D-4509-8F7C-0A17DB2EAB27}.Debug|Any CPU.ActiveCfg = Debug|Any CPU
		{8092C68D-ED6D-4509-8F7C-0A17DB2EAB27}.Debug|Any CPU.Build.0 = Debug|Any CPU
		{8092C68D-ED6D-4509-8F7C-0A17DB2EAB27}.Release|Any CPU.ActiveCfg = Release|Any CPU
		{8092C68D-ED6D-4509-8F7C-0A17DB2EAB27}.Release|Any CPU.Build.0 = Release|Any CPU
	EndGlobalSection
	GlobalSection(SolutionProperties) = preSolution
		HideSolutionNode = FALSE
	EndGlobalSection
	GlobalSection(ExtensibilityGlobals) = postSolution
		SolutionGuid = {5FAE7A10-D205-4668-8A03-D4E3E70593B7}
	EndGlobalSection
EndGlobal
